version: 5
environments:
  default:
    channels:
    - url: https://conda.anaconda.org/conda-forge/
    indexes:
    - https://pypi.org/simple
    packages:
      osx-arm64:
      - conda: https://conda.anaconda.org/conda-forge/osx-arm64/bzip2-1.0.8-h99b78c6_7.conda
      - conda: https://conda.anaconda.org/conda-forge/osx-arm64/ca-certificates-2024.8.30-hf0a4a13_0.conda
      - conda: https://conda.anaconda.org/conda-forge/osx-arm64/libexpat-2.6.3-hf9b8971_0.conda
      - conda: https://conda.anaconda.org/conda-forge/osx-arm64/libffi-3.4.2-h3422bc3_5.tar.bz2
      - conda: https://conda.anaconda.org/conda-forge/osx-arm64/libsqlite-3.46.1-hc14010f_0.conda
      - conda: https://conda.anaconda.org/conda-forge/osx-arm64/libzlib-1.3.1-h8359307_2.conda
      - conda: https://conda.anaconda.org/conda-forge/osx-arm64/ncurses-6.5-h7bae524_1.conda
      - conda: https://conda.anaconda.org/conda-forge/osx-arm64/openssl-3.3.2-h8359307_0.conda
      - conda: https://conda.anaconda.org/conda-forge/osx-arm64/python-3.12.7-h739c21a_0_cpython.conda
      - conda: https://conda.anaconda.org/conda-forge/osx-arm64/readline-8.2-h92ec313_1.conda
      - conda: https://conda.anaconda.org/conda-forge/osx-arm64/tk-8.6.13-h5083fa2_1.conda
      - conda: https://conda.anaconda.org/conda-forge/noarch/tzdata-2024b-hc8b5060_0.conda
      - conda: https://conda.anaconda.org/conda-forge/osx-arm64/xz-5.2.6-h57fd34a_0.tar.bz2
      - pypi: https://files.pythonhosted.org/packages/78/b6/6307fbef88d9b5ee7421e68d78a9f162e0da4900bc5f5793f6d3d0e34fb8/annotated_types-0.7.0-py3-none-any.whl
      - pypi: https://files.pythonhosted.org/packages/99/6d/007abe4bf14cd02a3c07710c22f0e3252b55b06678de2535ae5f03b7433a/betterproto-2.0.0b6-py3-none-any.whl
      - pypi: https://files.pythonhosted.org/packages/12/90/3c9ff0512038035f59d279fddeb79f5f1eccd8859f06d6163c58798b9487/certifi-2024.8.30-py3-none-any.whl
      - pypi: https://files.pythonhosted.org/packages/da/ee/fb72c2b48656111c4ef27f0f91da355e130a923473bf5ee75c5643d00cca/cffi-1.17.1-cp312-cp312-macosx_11_0_arm64.whl
      - pypi: https://files.pythonhosted.org/packages/fa/44/b730e2a2580110ced837ac083d8ad222343c96bb6b66e9e4e706e4d0b6df/charset_normalizer-3.4.0-cp312-cp312-macosx_11_0_arm64.whl
      - pypi: https://files.pythonhosted.org/packages/30/d5/c8b32c047e2e81dd172138f772e81d852c51f0f2ad2ae8a24f1122e9e9a7/cryptography-43.0.3-cp39-abi3-macosx_10_9_universal2.whl
      - pypi: https://files.pythonhosted.org/packages/68/1b/e0a87d256e40e8c888847551b20a017a6b98139178505dc7ffb96f04e954/dnspython-2.7.0-py3-none-any.whl
      - pypi: https://files.pythonhosted.org/packages/d7/ee/bf0adb559ad3c786f12bcbc9296b3f5675f529199bef03e2df281fa1fadb/email_validator-2.2.0-py3-none-any.whl
      - pypi: https://files.pythonhosted.org/packages/79/b9/55936e462a5925190d7427e880b3033601d1effd13809b483d13a926061a/grpclib-0.4.7.tar.gz
      - pypi: https://files.pythonhosted.org/packages/2a/e5/db6d438da759efbb488c4f3fbdab7764492ff3c3f953132efa6b9f0e9e53/h2-4.1.0-py3-none-any.whl
      - pypi: https://files.pythonhosted.org/packages/d5/34/e8b383f35b77c402d28563d2b8f83159319b509bc5f760b15d60b0abf165/hpack-4.0.0-py3-none-any.whl
      - pypi: https://files.pythonhosted.org/packages/d7/de/85a784bcc4a3779d1753a7ec2dee5de90e18c7bcf402e71b51fcf150b129/hyperframe-6.0.1-py3-none-any.whl
      - pypi: https://files.pythonhosted.org/packages/02/fa/08afa3775e935dca3ae78ed77ac3d54d10eddc103074a64805b7412792ad/id-1.4.0-py3-none-any.whl
      - pypi: https://files.pythonhosted.org/packages/76/c6/c88e154df9c4e1a2a66ccf0005a88dfb2650c1dffb6f5ce603dfbd452ce3/idna-3.10-py3-none-any.whl
      - pypi: https://files.pythonhosted.org/packages/42/d7/1ec15b46af6af88f19b8e5ffea08fa375d433c998b8a7639e76935c14f1f/markdown_it_py-3.0.0-py3-none-any.whl
      - pypi: https://files.pythonhosted.org/packages/b3/38/89ba8ad64ae25be8de66a6d463314cf1eb366222074cfda9ee839c56a4b4/mdurl-0.1.2-py3-none-any.whl
      - pypi: https://files.pythonhosted.org/packages/a2/12/adb6b3200c363062f805275b4c1e656be2b3681aada66c80129932ff0bae/multidict-6.1.0-cp312-cp312-macosx_11_0_arm64.whl
      - pypi: https://files.pythonhosted.org/packages/3c/a6/bc1012356d8ece4d66dd75c4b9fc6c1f6650ddd5991e421177d9f8f671be/platformdirs-4.3.6-py3-none-any.whl
      - pypi: https://files.pythonhosted.org/packages/c8/f1/d6a797abb14f6283c0ddff96bbdd46937f64122b8c925cab503dd37f8214/pyasn1-0.6.1-py3-none-any.whl
      - pypi: https://files.pythonhosted.org/packages/13/a3/a812df4e2dd5696d1f351d58b8fe16a405b234ad2886a0dab9183fb78109/pycparser-2.22-py3-none-any.whl
      - pypi: https://files.pythonhosted.org/packages/df/e4/ba44652d562cbf0bf320e0f3810206149c8a4e99cdbf66da82e97ab53a15/pydantic-2.9.2-py3-none-any.whl
      - pypi: https://files.pythonhosted.org/packages/14/de/866bdce10ed808323d437612aca1ec9971b981e1c52e5e42ad9b8e17a6f6/pydantic_core-2.23.4-cp312-cp312-macosx_11_0_arm64.whl
      - pypi: https://files.pythonhosted.org/packages/f7/3f/01c8b82017c199075f8f788d0d906b9ffbbc5a47dc9918a945e13d5a2bda/pygments-2.18.0-py3-none-any.whl
      - pypi: https://files.pythonhosted.org/packages/79/84/0fdf9b18ba31d69877bd39c9cd6052b47f3761e9910c15de788e519f079f/PyJWT-2.9.0-py3-none-any.whl
      - pypi: https://files.pythonhosted.org/packages/d9/dd/e0aa7ebef5168c75b772eda64978c597a9129b46be17779054652a7999e4/pyOpenSSL-24.2.1-py3-none-any.whl
      - pypi: https://files.pythonhosted.org/packages/ec/57/56b9bcc3c9c6a792fcbaf139543cee77261f3651ca9da0c93f5c1221264b/python_dateutil-2.9.0.post0-py2.py3-none-any.whl
      - pypi: https://files.pythonhosted.org/packages/f9/9b/335f9764261e915ed497fcdeb11df5dfd6f7bf257d4a6a2a686d80da4d54/requests-2.32.3-py3-none-any.whl
      - pypi: https://files.pythonhosted.org/packages/4d/78/119878110660b2ad709888c8a1614fce7e2fab39080ab960656dc8605bf6/rfc8785-0.1.4-py3-none-any.whl
      - pypi: https://files.pythonhosted.org/packages/67/91/5474b84e505a6ccc295b2d322d90ff6aa0746745717839ee0c5fb4fdcceb/rich-13.9.2-py3-none-any.whl
      - pypi: https://files.pythonhosted.org/packages/4d/5b/579ebe370ea35d933b0de37426dd8582dc79fca7b4bc1a7595fdf0de1662/securesystemslib-1.1.0-py3-none-any.whl
      - pypi: https://files.pythonhosted.org/packages/7f/fe/64b03258cf82e9d056b17f620e90347fafe31e95f06393f855e05d5d4c01/sigstore-3.4.0-py3-none-any.whl
      - pypi: https://files.pythonhosted.org/packages/95/a0/4e098e0fc61ab43b0e1623922fd855d8e441dd65f8fd35c1f372ceb6adab/sigstore_protobuf_specs-0.3.2-py3-none-any.whl
      - pypi: https://files.pythonhosted.org/packages/9d/15/112345d26fc1416ad1d4407da4c439b28bde15307024d08de5934e10e79c/sigstore_rekor_types-0.0.13-py3-none-any.whl
      - pypi: https://files.pythonhosted.org/packages/d9/5a/e7c31adbe875f2abbb91bd84cf2dc52d792b5a01506781dbcf25c91daf11/six-1.16.0-py2.py3-none-any.whl
      - pypi: https://files.pythonhosted.org/packages/c3/bb/6b8b456f0e34cb52851e43774cbdf3d54acca40256d843bfd34de31ef903/tuf-5.1.0-py3-none-any.whl
      - pypi: https://files.pythonhosted.org/packages/26/9f/ad63fc0248c5379346306f8668cda6e2e2e9c95e01216d2b8ffd9ff037d0/typing_extensions-4.12.2-py3-none-any.whl
      - pypi: https://files.pythonhosted.org/packages/ce/d9/5f4c13cecde62396b0d3fe530a50ccea91e7dfc1ccf0e09c228841bb5ba8/urllib3-2.2.3-py3-none-any.whl
packages:
- kind: pypi
  name: annotated-types
  version: 0.7.0
  url: https://files.pythonhosted.org/packages/78/b6/6307fbef88d9b5ee7421e68d78a9f162e0da4900bc5f5793f6d3d0e34fb8/annotated_types-0.7.0-py3-none-any.whl
  sha256: 1f02e8b43a8fbbc3f3e0d4f0f4bfc8131bcb4eebe8849b8e5c773f3a1c582a53
  requires_dist:
  - typing-extensions>=4.0.0 ; python_full_version < '3.9'
  requires_python: '>=3.8'
- kind: pypi
  name: betterproto
  version: 2.0.0b6
  url: https://files.pythonhosted.org/packages/99/6d/007abe4bf14cd02a3c07710c22f0e3252b55b06678de2535ae5f03b7433a/betterproto-2.0.0b6-py3-none-any.whl
  sha256: a0839ec165d110a69d0d116f4d0e2bec8d186af4db826257931f0831dab73fcf
  requires_dist:
  - black>=19.3b0 ; extra == 'compiler'
  - grpclib>=0.4.1,<0.5.0
  - importlib-metadata>=1.6.0 ; python_full_version < '3.8'
  - isort>=5.11.5,<6.0.0 ; extra == 'compiler'
  - jinja2>=3.0.3 ; extra == 'compiler'
  - python-dateutil>=2.8,<3.0
  requires_python: '>=3.7,<4.0'
- kind: conda
  name: bzip2
  version: 1.0.8
  build: h99b78c6_7
  build_number: 7
  subdir: osx-arm64
  url: https://conda.anaconda.org/conda-forge/osx-arm64/bzip2-1.0.8-h99b78c6_7.conda
  sha256: adfa71f158cbd872a36394c56c3568e6034aa55c623634b37a4836bd036e6b91
  md5: fc6948412dbbbe9a4c9ddbbcfe0a79ab
  depends:
  - __osx >=11.0
  license: bzip2-1.0.6
  license_family: BSD
  purls: []
  size: 122909
  timestamp: 1720974522888
- kind: conda
  name: ca-certificates
  version: 2024.8.30
  build: hf0a4a13_0
  subdir: osx-arm64
  url: https://conda.anaconda.org/conda-forge/osx-arm64/ca-certificates-2024.8.30-hf0a4a13_0.conda
  sha256: 2db1733f4b644575dbbdd7994a8f338e6ef937f5ebdb74acd557e9dda0211709
  md5: 40dec13fd8348dbe303e57be74bd3d35
  license: ISC
  purls: []
  size: 158482
  timestamp: 1725019034582
- kind: pypi
  name: certifi
  version: 2024.8.30
  url: https://files.pythonhosted.org/packages/12/90/3c9ff0512038035f59d279fddeb79f5f1eccd8859f06d6163c58798b9487/certifi-2024.8.30-py3-none-any.whl
  sha256: 922820b53db7a7257ffbda3f597266d435245903d80737e34f8a45ff3e3230d8
  requires_python: '>=3.6'
- kind: pypi
  name: cffi
  version: 1.17.1
  url: https://files.pythonhosted.org/packages/da/ee/fb72c2b48656111c4ef27f0f91da355e130a923473bf5ee75c5643d00cca/cffi-1.17.1-cp312-cp312-macosx_11_0_arm64.whl
  sha256: 733e99bc2df47476e3848417c5a4540522f234dfd4ef3ab7fafdf555b082ec0c
  requires_dist:
  - pycparser
  requires_python: '>=3.8'
- kind: pypi
  name: charset-normalizer
  version: 3.4.0
  url: https://files.pythonhosted.org/packages/fa/44/b730e2a2580110ced837ac083d8ad222343c96bb6b66e9e4e706e4d0b6df/charset_normalizer-3.4.0-cp312-cp312-macosx_11_0_arm64.whl
  sha256: 4a51b48f42d9358460b78725283f04bddaf44a9358197b889657deba38f329db
  requires_python: '>=3.7.0'
- kind: pypi
  name: cryptography
  version: 43.0.3
  url: https://files.pythonhosted.org/packages/30/d5/c8b32c047e2e81dd172138f772e81d852c51f0f2ad2ae8a24f1122e9e9a7/cryptography-43.0.3-cp39-abi3-macosx_10_9_universal2.whl
  sha256: 8ac43ae87929a5982f5948ceda07001ee5e83227fd69cf55b109144938d96984
  requires_dist:
  - cffi>=1.12 ; platform_python_implementation != 'PyPy'
  - bcrypt>=3.1.5 ; extra == 'ssh'
  - nox ; extra == 'nox'
  - cryptography-vectors==43.0.3 ; extra == 'test'
  - pytest>=6.2.0 ; extra == 'test'
  - pytest-benchmark ; extra == 'test'
  - pytest-cov ; extra == 'test'
  - pytest-xdist ; extra == 'test'
  - pretend ; extra == 'test'
  - certifi ; extra == 'test'
  - pytest-randomly ; extra == 'test-randomorder'
  - sphinx>=5.3.0 ; extra == 'docs'
  - sphinx-rtd-theme>=1.1.1 ; extra == 'docs'
  - pyenchant>=1.6.11 ; extra == 'docstest'
  - readme-renderer ; extra == 'docstest'
  - sphinxcontrib-spelling>=4.0.1 ; extra == 'docstest'
  - build ; extra == 'sdist'
  - ruff ; extra == 'pep8test'
  - mypy ; extra == 'pep8test'
  - check-sdist ; extra == 'pep8test'
  - click ; extra == 'pep8test'
  requires_python: '>=3.7'
- kind: pypi
  name: dnspython
  version: 2.7.0
  url: https://files.pythonhosted.org/packages/68/1b/e0a87d256e40e8c888847551b20a017a6b98139178505dc7ffb96f04e954/dnspython-2.7.0-py3-none-any.whl
  sha256: b4c34b7d10b51bcc3a5071e7b8dee77939f1e878477eeecc965e9835f63c6c86
  requires_dist:
  - black>=23.1.0 ; extra == 'dev'
  - coverage>=7.0 ; extra == 'dev'
  - flake8>=7 ; extra == 'dev'
  - hypercorn>=0.16.0 ; extra == 'dev'
  - mypy>=1.8 ; extra == 'dev'
  - pylint>=3 ; extra == 'dev'
  - pytest-cov>=4.1.0 ; extra == 'dev'
  - pytest>=7.4 ; extra == 'dev'
  - quart-trio>=0.11.0 ; extra == 'dev'
  - sphinx-rtd-theme>=2.0.0 ; extra == 'dev'
  - sphinx>=7.2.0 ; extra == 'dev'
  - twine>=4.0.0 ; extra == 'dev'
  - wheel>=0.42.0 ; extra == 'dev'
  - cryptography>=43 ; extra == 'dnssec'
  - h2>=4.1.0 ; extra == 'doh'
  - httpcore>=1.0.0 ; extra == 'doh'
  - httpx>=0.26.0 ; extra == 'doh'
  - aioquic>=1.0.0 ; extra == 'doq'
  - idna>=3.7 ; extra == 'idna'
  - trio>=0.23 ; extra == 'trio'
  - wmi>=1.5.1 ; extra == 'wmi'
  requires_python: '>=3.9'
- kind: pypi
  name: email-validator
  version: 2.2.0
  url: https://files.pythonhosted.org/packages/d7/ee/bf0adb559ad3c786f12bcbc9296b3f5675f529199bef03e2df281fa1fadb/email_validator-2.2.0-py3-none-any.whl
  sha256: 561977c2d73ce3611850a06fa56b414621e0c8faa9d66f2611407d87465da631
  requires_dist:
  - dnspython>=2.0.0
  - idna>=2.0.0
  requires_python: '>=3.8'
- kind: pypi
  name: grpclib
  version: 0.4.7
  url: https://files.pythonhosted.org/packages/79/b9/55936e462a5925190d7427e880b3033601d1effd13809b483d13a926061a/grpclib-0.4.7.tar.gz
  sha256: 2988ef57c02b22b7a2e8e961792c41ccf97efc2ace91ae7a5b0de03c363823c3
  requires_dist:
  - h2<5,>=3.1.0
  - multidict
  - protobuf>=3.20.0 ; extra == 'protobuf'
  requires_python: '>=3.7'
- kind: pypi
  name: h2
  version: 4.1.0
  url: https://files.pythonhosted.org/packages/2a/e5/db6d438da759efbb488c4f3fbdab7764492ff3c3f953132efa6b9f0e9e53/h2-4.1.0-py3-none-any.whl
  sha256: 03a46bcf682256c95b5fd9e9a99c1323584c3eec6440d379b9903d709476bc6d
  requires_dist:
  - hyperframe<7,>=6.0
  - hpack<5,>=4.0
  requires_python: '>=3.6.1'
- kind: pypi
  name: hpack
  version: 4.0.0
  url: https://files.pythonhosted.org/packages/d5/34/e8b383f35b77c402d28563d2b8f83159319b509bc5f760b15d60b0abf165/hpack-4.0.0-py3-none-any.whl
  sha256: 84a076fad3dc9a9f8063ccb8041ef100867b1878b25ef0ee63847a5d53818a6c
  requires_python: '>=3.6.1'
- kind: pypi
  name: hyperframe
  version: 6.0.1
  url: https://files.pythonhosted.org/packages/d7/de/85a784bcc4a3779d1753a7ec2dee5de90e18c7bcf402e71b51fcf150b129/hyperframe-6.0.1-py3-none-any.whl
  sha256: 0ec6bafd80d8ad2195c4f03aacba3a8265e57bc4cff261e802bf39970ed02a15
  requires_python: '>=3.6.1'
- kind: pypi
  name: id
  version: 1.4.0
  url: https://files.pythonhosted.org/packages/02/fa/08afa3775e935dca3ae78ed77ac3d54d10eddc103074a64805b7412792ad/id-1.4.0-py3-none-any.whl
  sha256: a0391117c98fa9851ebd2b22df0dc6fd6aacbd89a4ec95c173f1311ca9bb7329
  requires_dist:
  - pydantic
  - requests
  - build ; extra == 'dev'
  - bump>=1.3.2 ; extra == 'dev'
  - id[test,lint] ; extra == 'dev'
  - bandit ; extra == 'lint'
  - interrogate ; extra == 'lint'
  - mypy ; extra == 'lint'
  - ruff<0.4.2 ; extra == 'lint'
  - types-requests ; extra == 'lint'
  - pytest ; extra == 'test'
  - pytest-cov ; extra == 'test'
  - pretend ; extra == 'test'
  - coverage[toml] ; extra == 'test'
  requires_python: '>=3.8'
- kind: pypi
  name: idna
  version: '3.10'
  url: https://files.pythonhosted.org/packages/76/c6/c88e154df9c4e1a2a66ccf0005a88dfb2650c1dffb6f5ce603dfbd452ce3/idna-3.10-py3-none-any.whl
  sha256: 946d195a0d259cbba61165e88e65941f16e9b36ea6ddb97f00452bae8b1287d3
  requires_dist:
  - ruff>=0.6.2 ; extra == 'all'
  - mypy>=1.11.2 ; extra == 'all'
  - pytest>=8.3.2 ; extra == 'all'
  - flake8>=7.1.1 ; extra == 'all'
  requires_python: '>=3.6'
- kind: conda
  name: libexpat
  version: 2.6.3
  build: hf9b8971_0
  subdir: osx-arm64
  url: https://conda.anaconda.org/conda-forge/osx-arm64/libexpat-2.6.3-hf9b8971_0.conda
  sha256: 5cbe5a199fba14ade55457a468ce663aac0b54832c39aa54470b3889b4c75c4a
  md5: 5f22f07c2ab2dea8c66fe9585a062c96
  depends:
  - __osx >=11.0
  constrains:
  - expat 2.6.3.*
  license: MIT
  license_family: MIT
  purls: []
  size: 63895
  timestamp: 1725568783033
- kind: conda
  name: libffi
  version: 3.4.2
  build: h3422bc3_5
  build_number: 5
  subdir: osx-arm64
  url: https://conda.anaconda.org/conda-forge/osx-arm64/libffi-3.4.2-h3422bc3_5.tar.bz2
  sha256: 41b3d13efb775e340e4dba549ab5c029611ea6918703096b2eaa9c015c0750ca
  md5: 086914b672be056eb70fd4285b6783b6
  license: MIT
  license_family: MIT
  purls: []
  size: 39020
  timestamp: 1636488587153
- kind: conda
  name: libsqlite
  version: 3.46.1
  build: hc14010f_0
  subdir: osx-arm64
  url: https://conda.anaconda.org/conda-forge/osx-arm64/libsqlite-3.46.1-hc14010f_0.conda
  sha256: 3725f962f490c5d44dae326d5f5b2e3c97f71a6322d914ccc85b5ddc2e50d120
  md5: 58050ec1724e58668d0126a1615553fa
  depends:
  - __osx >=11.0
  - libzlib >=1.3.1,<2.0a0
  license: Unlicense
  purls: []
  size: 829500
  timestamp: 1725353720793
- kind: conda
  name: libzlib
  version: 1.3.1
  build: h8359307_2
  build_number: 2
  subdir: osx-arm64
  url: https://conda.anaconda.org/conda-forge/osx-arm64/libzlib-1.3.1-h8359307_2.conda
  sha256: ce34669eadaba351cd54910743e6a2261b67009624dbc7daeeafdef93616711b
  md5: 369964e85dc26bfe78f41399b366c435
  depends:
  - __osx >=11.0
  constrains:
  - zlib 1.3.1 *_2
  license: Zlib
  license_family: Other
  purls: []
  size: 46438
  timestamp: 1727963202283
- kind: pypi
  name: markdown-it-py
  version: 3.0.0
  url: https://files.pythonhosted.org/packages/42/d7/1ec15b46af6af88f19b8e5ffea08fa375d433c998b8a7639e76935c14f1f/markdown_it_py-3.0.0-py3-none-any.whl
  sha256: 355216845c60bd96232cd8d8c40e8f9765cc86f46880e43a8fd22dc1a1a8cab1
  requires_dist:
  - mdurl~=0.1
  - psutil ; extra == 'benchmarking'
  - pytest ; extra == 'benchmarking'
  - pytest-benchmark ; extra == 'benchmarking'
  - pre-commit~=3.0 ; extra == 'code-style'
  - commonmark~=0.9 ; extra == 'compare'
  - markdown~=3.4 ; extra == 'compare'
  - mistletoe~=1.0 ; extra == 'compare'
  - mistune~=2.0 ; extra == 'compare'
  - panflute~=2.3 ; extra == 'compare'
  - linkify-it-py>=1,<3 ; extra == 'linkify'
  - mdit-py-plugins ; extra == 'plugins'
  - gprof2dot ; extra == 'profiling'
  - mdit-py-plugins ; extra == 'rtd'
  - myst-parser ; extra == 'rtd'
  - pyyaml ; extra == 'rtd'
  - sphinx ; extra == 'rtd'
  - sphinx-copybutton ; extra == 'rtd'
  - sphinx-design ; extra == 'rtd'
  - sphinx-book-theme ; extra == 'rtd'
  - jupyter-sphinx ; extra == 'rtd'
  - coverage ; extra == 'testing'
  - pytest ; extra == 'testing'
  - pytest-cov ; extra == 'testing'
  - pytest-regressions ; extra == 'testing'
  requires_python: '>=3.8'
- kind: pypi
  name: mdurl
  version: 0.1.2
  url: https://files.pythonhosted.org/packages/b3/38/89ba8ad64ae25be8de66a6d463314cf1eb366222074cfda9ee839c56a4b4/mdurl-0.1.2-py3-none-any.whl
  sha256: 84008a41e51615a49fc9966191ff91509e3c40b939176e643fd50a5c2196b8f8
  requires_python: '>=3.7'
- kind: pypi
  name: multidict
  version: 6.1.0
  url: https://files.pythonhosted.org/packages/a2/12/adb6b3200c363062f805275b4c1e656be2b3681aada66c80129932ff0bae/multidict-6.1.0-cp312-cp312-macosx_11_0_arm64.whl
  sha256: 071120490b47aa997cca00666923a83f02c7fbb44f71cf7f136df753f7fa8761
  requires_dist:
  - typing-extensions>=4.1.0 ; python_full_version < '3.11'
  requires_python: '>=3.8'
- kind: conda
  name: ncurses
  version: '6.5'
  build: h7bae524_1
  build_number: 1
  subdir: osx-arm64
  url: https://conda.anaconda.org/conda-forge/osx-arm64/ncurses-6.5-h7bae524_1.conda
  sha256: 27d0b9ff78ad46e1f3a6c96c479ab44beda5f96def88e2fe626e0a49429d8afc
  md5: cb2b0ea909b97b3d70cd3921d1445e1a
  depends:
  - __osx >=11.0
  license: X11 AND BSD-3-Clause
  purls: []
  size: 802321
  timestamp: 1724658775723
- kind: conda
  name: openssl
  version: 3.3.2
  build: h8359307_0
  subdir: osx-arm64
  url: https://conda.anaconda.org/conda-forge/osx-arm64/openssl-3.3.2-h8359307_0.conda
  sha256: 940fa01c4dc6152158fe8943e05e55a1544cab639df0994e3b35937839e4f4d1
  md5: 1773ebccdc13ec603356e8ff1db9e958
  depends:
  - __osx >=11.0
  - ca-certificates
  license: Apache-2.0
  license_family: Apache
  purls: []
  size: 2882450
  timestamp: 1725410638874
- kind: pypi
  name: platformdirs
  version: 4.3.6
  url: https://files.pythonhosted.org/packages/3c/a6/bc1012356d8ece4d66dd75c4b9fc6c1f6650ddd5991e421177d9f8f671be/platformdirs-4.3.6-py3-none-any.whl
  sha256: 73e575e1408ab8103900836b97580d5307456908a03e92031bab39e4554cc3fb
  requires_dist:
  - furo>=2024.8.6 ; extra == 'docs'
  - proselint>=0.14 ; extra == 'docs'
  - sphinx-autodoc-typehints>=2.4 ; extra == 'docs'
  - sphinx>=8.0.2 ; extra == 'docs'
  - appdirs==1.4.4 ; extra == 'test'
  - covdefaults>=2.3 ; extra == 'test'
  - pytest-cov>=5 ; extra == 'test'
  - pytest-mock>=3.14 ; extra == 'test'
  - pytest>=8.3.2 ; extra == 'test'
  - mypy>=1.11.2 ; extra == 'type'
  requires_python: '>=3.8'
- kind: pypi
  name: pyasn1
  version: 0.6.1
  url: https://files.pythonhosted.org/packages/c8/f1/d6a797abb14f6283c0ddff96bbdd46937f64122b8c925cab503dd37f8214/pyasn1-0.6.1-py3-none-any.whl
  sha256: 0d632f46f2ba09143da3a8afe9e33fb6f92fa2320ab7e886e2d0f7672af84629
  requires_python: '>=3.8'
- kind: pypi
  name: pycparser
  version: '2.22'
  url: https://files.pythonhosted.org/packages/13/a3/a812df4e2dd5696d1f351d58b8fe16a405b234ad2886a0dab9183fb78109/pycparser-2.22-py3-none-any.whl
  sha256: c3702b6d3dd8c7abc1afa565d7e63d53a1d0bd86cdc24edd75470f4de499cfcc
  requires_python: '>=3.8'
- kind: pypi
  name: pydantic
  version: 2.9.2
  url: https://files.pythonhosted.org/packages/df/e4/ba44652d562cbf0bf320e0f3810206149c8a4e99cdbf66da82e97ab53a15/pydantic-2.9.2-py3-none-any.whl
  sha256: f048cec7b26778210e28a0459867920654d48e5e62db0958433636cde4254f12
  requires_dist:
  - annotated-types>=0.6.0
  - pydantic-core==2.23.4
  - typing-extensions>=4.12.2 ; python_full_version >= '3.13'
  - typing-extensions>=4.6.1 ; python_full_version < '3.13'
  - email-validator>=2.0.0 ; extra == 'email'
  - tzdata ; python_full_version >= '3.9' and sys_platform == 'win32' and extra == 'timezone'
  requires_python: '>=3.8'
- kind: pypi
  name: pydantic-core
  version: 2.23.4
  url: https://files.pythonhosted.org/packages/14/de/866bdce10ed808323d437612aca1ec9971b981e1c52e5e42ad9b8e17a6f6/pydantic_core-2.23.4-cp312-cp312-macosx_11_0_arm64.whl
  sha256: f69a8e0b033b747bb3e36a44e7732f0c99f7edd5cea723d45bc0d6e95377ffee
  requires_dist:
  - typing-extensions>=4.6.0,!=4.7.0
  requires_python: '>=3.8'
- kind: pypi
  name: pygments
  version: 2.18.0
  url: https://files.pythonhosted.org/packages/f7/3f/01c8b82017c199075f8f788d0d906b9ffbbc5a47dc9918a945e13d5a2bda/pygments-2.18.0-py3-none-any.whl
  sha256: b8e6aca0523f3ab76fee51799c488e38782ac06eafcf95e7ba832985c8e7b13a
  requires_dist:
  - colorama>=0.4.6 ; extra == 'windows-terminal'
  requires_python: '>=3.8'
- kind: pypi
  name: pyjwt
  version: 2.9.0
  url: https://files.pythonhosted.org/packages/79/84/0fdf9b18ba31d69877bd39c9cd6052b47f3761e9910c15de788e519f079f/PyJWT-2.9.0-py3-none-any.whl
  sha256: 3b02fb0f44517787776cf48f2ae25d8e14f300e6d7545a4315cee571a415e850
  requires_dist:
  - cryptography>=3.4.0 ; extra == 'crypto'
  - sphinx ; extra == 'dev'
  - sphinx-rtd-theme ; extra == 'dev'
  - zope-interface ; extra == 'dev'
  - cryptography>=3.4.0 ; extra == 'dev'
  - pytest<7.0.0,>=6.0.0 ; extra == 'dev'
  - coverage[toml]==5.0.4 ; extra == 'dev'
  - pre-commit ; extra == 'dev'
  - sphinx ; extra == 'docs'
  - sphinx-rtd-theme ; extra == 'docs'
  - zope-interface ; extra == 'docs'
  - pytest<7.0.0,>=6.0.0 ; extra == 'tests'
  - coverage[toml]==5.0.4 ; extra == 'tests'
  requires_python: '>=3.8'
- kind: pypi
  name: pyopenssl
  version: 24.2.1
  url: https://files.pythonhosted.org/packages/d9/dd/e0aa7ebef5168c75b772eda64978c597a9129b46be17779054652a7999e4/pyOpenSSL-24.2.1-py3-none-any.whl
  sha256: 967d5719b12b243588573f39b0c677637145c7a1ffedcd495a487e58177fbb8d
  requires_dist:
  - cryptography<44,>=41.0.5
  - sphinx!=5.2.0,!=5.2.0.post0,!=7.2.5 ; extra == 'docs'
  - sphinx-rtd-theme ; extra == 'docs'
  - pytest-rerunfailures ; extra == 'test'
  - pretend ; extra == 'test'
  - pytest>=3.0.1 ; extra == 'test'
  requires_python: '>=3.7'
- kind: conda
  name: python
  version: 3.12.7
  build: h739c21a_0_cpython
  subdir: osx-arm64
  url: https://conda.anaconda.org/conda-forge/osx-arm64/python-3.12.7-h739c21a_0_cpython.conda
  sha256: 45d7ca2074aa92594bd2f91a9003b338cc1df8a46b9492b7fc8167110783c3ef
  md5: e0d82e57ebb456077565e6d82cd4a323
  depends:
  - __osx >=11.0
  - bzip2 >=1.0.8,<2.0a0
  - libexpat >=2.6.3,<3.0a0
  - libffi >=3.4,<4.0a0
  - libsqlite >=3.46.1,<4.0a0
  - libzlib >=1.3.1,<2.0a0
  - ncurses >=6.5,<7.0a0
  - openssl >=3.3.2,<4.0a0
  - readline >=8.2,<9.0a0
  - tk >=8.6.13,<8.7.0a0
  - tzdata
  - xz >=5.2.6,<6.0a0
  constrains:
  - python_abi 3.12.* *_cp312
  license: Python-2.0
  purls: []
  size: 12975439
  timestamp: 1728057819519
- kind: pypi
  name: python-dateutil
  version: 2.9.0.post0
  url: https://files.pythonhosted.org/packages/ec/57/56b9bcc3c9c6a792fcbaf139543cee77261f3651ca9da0c93f5c1221264b/python_dateutil-2.9.0.post0-py2.py3-none-any.whl
  sha256: a8b2bc7bffae282281c8140a97d3aa9c14da0b136dfe83f850eea9a5f7470427
  requires_dist:
  - six>=1.5
  requires_python: '!=3.0.*,!=3.1.*,!=3.2.*,>=2.7'
- kind: conda
  name: readline
  version: '8.2'
  build: h92ec313_1
  build_number: 1
  subdir: osx-arm64
  url: https://conda.anaconda.org/conda-forge/osx-arm64/readline-8.2-h92ec313_1.conda
  sha256: a1dfa679ac3f6007362386576a704ad2d0d7a02e98f5d0b115f207a2da63e884
  md5: 8cbb776a2f641b943d413b3e19df71f4
  depends:
  - ncurses >=6.3,<7.0a0
  license: GPL-3.0-only
  license_family: GPL
  purls: []
  size: 250351
  timestamp: 1679532511311
- kind: pypi
  name: requests
  version: 2.32.3
  url: https://files.pythonhosted.org/packages/f9/9b/335f9764261e915ed497fcdeb11df5dfd6f7bf257d4a6a2a686d80da4d54/requests-2.32.3-py3-none-any.whl
  sha256: 70761cfe03c773ceb22aa2f671b4757976145175cdfca038c02654d061d6dcc6
  requires_dist:
  - charset-normalizer<4,>=2
  - idna<4,>=2.5
  - urllib3<3,>=1.21.1
  - certifi>=2017.4.17
  - pysocks!=1.5.7,>=1.5.6 ; extra == 'socks'
  - chardet<6,>=3.0.2 ; extra == 'use-chardet-on-py3'
  requires_python: '>=3.8'
- kind: pypi
  name: rfc8785
  version: 0.1.4
  url: https://files.pythonhosted.org/packages/4d/78/119878110660b2ad709888c8a1614fce7e2fab39080ab960656dc8605bf6/rfc8785-0.1.4-py3-none-any.whl
  sha256: 520d690b448ecf0703691c76e1a34a24ddcd4fc5bc41d589cb7c58ec651bcd48
  requires_dist:
  - rfc8785[doc,test,lint] ; extra == 'dev'
  - build ; extra == 'dev'
  - pdoc ; extra == 'doc'
  - ruff~=0.3 ; extra == 'lint'
  - mypy>=1.0 ; extra == 'lint'
  - interrogate ; extra == 'lint'
  - pytest ; extra == 'test'
  - pytest-cov ; extra == 'test'
  - coverage ; extra == 'test'
  requires_python: '>=3.8'
- kind: pypi
  name: rich
  version: 13.9.2
  url: https://files.pythonhosted.org/packages/67/91/5474b84e505a6ccc295b2d322d90ff6aa0746745717839ee0c5fb4fdcceb/rich-13.9.2-py3-none-any.whl
  sha256: 8c82a3d3f8dcfe9e734771313e606b39d8247bb6b826e196f4914b333b743cf1
  requires_dist:
  - ipywidgets>=7.5.1,<9 ; extra == 'jupyter'
  - markdown-it-py>=2.2.0
  - pygments>=2.13.0,<3.0.0
  - typing-extensions>=4.0.0,<5.0 ; python_full_version < '3.11'
  requires_python: '>=3.8.0'
- kind: pypi
  name: securesystemslib
  version: 1.1.0
  url: https://files.pythonhosted.org/packages/4d/5b/579ebe370ea35d933b0de37426dd8582dc79fca7b4bc1a7595fdf0de1662/securesystemslib-1.1.0-py3-none-any.whl
  sha256: 100bf04e60b260e1c7c51e3232647697fde2c5ca5772fda4932d841d3fb6dd0e
  requires_dist:
  - boto3 ; extra == 'awskms'
  - botocore ; extra == 'awskms'
  - cryptography>=40.0.0 ; extra == 'awskms'
  - azure-identity ; extra == 'azurekms'
  - azure-keyvault-keys ; extra == 'azurekms'
  - cryptography>=40.0.0 ; extra == 'azurekms'
  - cryptography>=40.0.0 ; extra == 'crypto'
  - cryptography>=40.0.0 ; extra == 'gcpkms'
  - google-cloud-kms ; extra == 'gcpkms'
  - asn1crypto ; extra == 'hsm'
  - cryptography>=40.0.0 ; extra == 'hsm'
  - pykcs11 ; extra == 'hsm'
  - pyspx>=0.5.0 ; extra == 'pyspx'
  - sigstore~=3.0 ; extra == 'sigstore'
  - cryptography>=40.0.0 ; extra == 'vault'
  - hvac ; extra == 'vault'
  requires_python: ~=3.8
- kind: pypi
  name: sigstore
  version: 3.4.0
  url: https://files.pythonhosted.org/packages/7f/fe/64b03258cf82e9d056b17f620e90347fafe31e95f06393f855e05d5d4c01/sigstore-3.4.0-py3-none-any.whl
  sha256: f5202e6e3a5a371bcf6f3705f4fefb6f828f3c2ec82d58effa65a98a97c5bfd2
  requires_dist:
  - cryptography>=42
  - id>=1.1.0
  - importlib-resources~=5.7 ; python_full_version < '3.11'
  - pyasn1~=0.6
  - pydantic>=2,<3
  - pyjwt>=2.1
  - pyopenssl>=23.0.0
  - requests
  - rich~=13.0
  - rfc8785~=0.1.2
  - sigstore-protobuf-specs==0.3.2
  - sigstore-rekor-types==0.0.13
  - tuf~=5.0
  - platformdirs~=4.2
  - build ; extra == 'dev'
  - bump>=1.3.2 ; extra == 'dev'
  - sigstore[doc,test,lint] ; extra == 'dev'
  - pdoc ; extra == 'doc'
  - bandit ; extra == 'lint'
  - interrogate>=1.7.0 ; extra == 'lint'
  - mypy~=1.1 ; extra == 'lint'
  - ruff<0.6.10 ; extra == 'lint'
  - types-requests ; extra == 'lint'
  - types-pyopenssl ; extra == 'lint'
  - pytest ; extra == 'test'
  - pytest-cov ; extra == 'test'
  - pretend ; extra == 'test'
  - coverage[toml] ; extra == 'test'
  requires_python: '>=3.9'
- kind: pypi
  name: sigstore-protobuf-specs
  version: 0.3.2
  url: https://files.pythonhosted.org/packages/95/a0/4e098e0fc61ab43b0e1623922fd855d8e441dd65f8fd35c1f372ceb6adab/sigstore_protobuf_specs-0.3.2-py3-none-any.whl
  sha256: 50c99fa6747a3a9c5c562a43602cf76df0b199af28f0e9d4319b6775630425ea
  requires_dist:
  - betterproto==2.0.0b6
  - build ; extra == 'dev'
  requires_python: '>=3.8'
- kind: pypi
  name: sigstore-rekor-types
  version: 0.0.13
  url: https://files.pythonhosted.org/packages/9d/15/112345d26fc1416ad1d4407da4c439b28bde15307024d08de5934e10e79c/sigstore_rekor_types-0.0.13-py3-none-any.whl
  sha256: 377fee942d5fc66437a4f54599472157149affaece9bbc7deb05e5b42f34ceba
  requires_dist:
  - pydantic[email]>=2,<3
  - typing-extensions ; python_full_version < '3.9'
  - datamodel-code-generator>=0.25.2 ; extra == 'codegen'
  - sigstore-rekor-types[lint] ; extra == 'codegen'
  - sigstore-rekor-types[codegen,doc,lint] ; extra == 'dev'
  - build ; extra == 'dev'
  - pdoc~=14.2 ; extra == 'doc'
  - ruff<0.3.5 ; extra == 'lint'
  - mypy>=1.0 ; extra == 'lint'
  requires_python: '>=3.8'
- kind: pypi
  name: six
  version: 1.16.0
  url: https://files.pythonhosted.org/packages/d9/5a/e7c31adbe875f2abbb91bd84cf2dc52d792b5a01506781dbcf25c91daf11/six-1.16.0-py2.py3-none-any.whl
  sha256: 8abb2f1d86890a2dfb989f9a77cfcfd3e47c2a354b01111771326f8aa26e0254
  requires_python: '>=2.7,!=3.0.*,!=3.1.*,!=3.2.*'
- kind: conda
  name: tk
  version: 8.6.13
  build: h5083fa2_1
  build_number: 1
  subdir: osx-arm64
  url: https://conda.anaconda.org/conda-forge/osx-arm64/tk-8.6.13-h5083fa2_1.conda
  sha256: 72457ad031b4c048e5891f3f6cb27a53cb479db68a52d965f796910e71a403a8
  md5: b50a57ba89c32b62428b71a875291c9b
  depends:
  - libzlib >=1.2.13,<2.0.0a0
  license: TCL
  license_family: BSD
  purls: []
  size: 3145523
  timestamp: 1699202432999
- kind: pypi
  name: tuf
  version: 5.1.0
  url: https://files.pythonhosted.org/packages/c3/bb/6b8b456f0e34cb52851e43774cbdf3d54acca40256d843bfd34de31ef903/tuf-5.1.0-py3-none-any.whl
  sha256: 6494848d2720ced600e0d7ee23b4986623ddad1148ad8e54ffe308db18b762fe
  requires_dist:
  - requests>=2.19.1
  - securesystemslib~=1.0
  requires_python: '>=3.8'
- kind: pypi
  name: typing-extensions
  version: 4.12.2
  url: https://files.pythonhosted.org/packages/26/9f/ad63fc0248c5379346306f8668cda6e2e2e9c95e01216d2b8ffd9ff037d0/typing_extensions-4.12.2-py3-none-any.whl
  sha256: 04e5ca0351e0f3f85c6853954072df659d0d13fac324d0072316b67d7794700d
  requires_python: '>=3.8'
- kind: conda
  name: tzdata
  version: 2024b
  build: hc8b5060_0
  subdir: noarch
  noarch: generic
  url: https://conda.anaconda.org/conda-forge/noarch/tzdata-2024b-hc8b5060_0.conda
  sha256: 4fde5c3008bf5d2db82f2b50204464314cc3c91c1d953652f7bd01d9e52aefdf
  md5: 8ac3367aafb1cc0a068483c580af8015
  license: LicenseRef-Public-Domain
  purls: []
  size: 122354
  timestamp: 1728047496079
- kind: pypi
  name: urllib3
  version: 2.2.3
  url: https://files.pythonhosted.org/packages/ce/d9/5f4c13cecde62396b0d3fe530a50ccea91e7dfc1ccf0e09c228841bb5ba8/urllib3-2.2.3-py3-none-any.whl
  sha256: ca899ca043dcb1bafa3e262d73aa25c465bfb49e0bd9dd5d59f1d0acba2f8fac
  requires_dist:
  - brotli>=1.0.9 ; platform_python_implementation == 'CPython' and extra == 'brotli'
  - brotlicffi>=0.8.0 ; platform_python_implementation != 'CPython' and extra == 'brotli'
  - h2<5,>=4 ; extra == 'h2'
  - pysocks!=1.5.7,<2.0,>=1.5.6 ; extra == 'socks'
  - zstandard>=0.18.0 ; extra == 'zstd'
  requires_python: '>=3.8'
- kind: conda
  name: xz
  version: 5.2.6
  build: h57fd34a_0
  subdir: osx-arm64
  url: https://conda.anaconda.org/conda-forge/osx-arm64/xz-5.2.6-h57fd34a_0.tar.bz2
  sha256: 59d78af0c3e071021cfe82dc40134c19dab8cdf804324b62940f5c8cd71803ec
  md5: 39c6b54e94014701dd157f4f576ed211
  license: LGPL-2.1 and GPL-2.0
  purls: []
  size: 235693
  timestamp: 1660346961024
